
Microsoft Visual Studio Solution File, Format Version 12.00
# Visual Studio Version 17
VisualStudioVersion = 17.6.33829.357
MinimumVisualStudioVersion = 10.0.40219.1
Project("{FAE04EC0-301F-11D3-BF4B-00C04F79EFBC}") = "Uart", "Uart\Uart.csproj", "{C1A3B364-7EE2-4B77-A439-78A6E0200500}"
EndProject
Global
	GlobalSection(SolutionConfigurationPlatforms) = preSolution
		Debug|Any CPU = Debug|Any CPU
		Release|Any CPU = Release|Any CPU
	EndGlobalSection
	GlobalSection(ProjectConfigurationPlatforms) = postSolution
		{C1A3B364-7EE2-4B77-A439-78A6E0200500}.Debug|Any CPU.ActiveCfg = Debug|Any CPU
		{C1A3B364-7EE2-4B77-A439-78A6E0200500}.Debug|Any CPU.Build.0 = Debug|Any CPU
		{C1A3B364-7EE2-4B77-A439-78A6E0200500}.Release|Any CPU.ActiveCfg = Release|Any CPU
		{C1A3B364-7EE2-4B77-A439-78A6E0200500}.Release|Any CPU.Build.0 = Release|Any CPU
	EndGlobalSection
	GlobalSection(SolutionProperties) = preSolution
		HideSolutionNode = FALSE
	EndGlobalSection
	GlobalSection(ExtensibilityGlobals) = postSolution
		SolutionGuid = {CF7B1816-CAFD-47B7-ACBF-70D076EDEED2}
	EndGlobalSection
EndGlobal
